
Microsoft Visual Studio Solution File, Format Version 11.00
# Visual Studio 2010
Project("{8BC9CEB8-8B4A-11D0-8D11-00A0C91BC942}") = "SS", "SS\SS.vcxproj", "{8780BE52-99D4-4840-9D2E-33A981D69581}"
EndProject
Global
	GlobalSection(SolutionConfigurationPlatforms) = preSolution
		Debug|Win32 = Debug|Win32
		Release|Win32 = Release|Win32
	EndGlobalSection
	GlobalSection(ProjectConfigurationPlatforms) = postSolution
		{8780BE52-99D4-4840-9D2E-33A981D69581}.Debug|Win32.ActiveCfg = Debug|Win32
		{8780BE52-99D4-4840-9D2E-33A981D69581}.Debug|Win32.Build.0 = Debug|Win32
		{8780BE52-99D4-4840-9D2E-33A981D69581}.Release|Win32.ActiveCfg = Release|Win32
		{8780BE52-99D4-4840-9D2E-33A981D69581}.Release|Win32.Build.0 = Release|Win32
	EndGlobalSection
	GlobalSection(SolutionProperties) = preSolution
		HideSolutionNode = FALSE
	EndGlobalSection
EndGlobal
